{
    "_meta": {
        "hash": {
            "sha256": "bb9a6e1d5c770ed0093e575939da43871c64224d8ef1e73de683984addde7b22"
        },
        "pipfile-spec": 6,
        "requires": {
            "python_version": "3.6"
        },
        "sources": [
            {
                "name": "pypi",
                "url": "https://pypi.org/simple",
                "verify_ssl": true
            }
        ]
    },
    "default": {
        "aiofiles": {
            "hashes": [
                "sha256:25c66ea3872d05d53292a6b3f7fa0f86691512076446d83a505d227b5e76f668",
                "sha256:852a493a877b73e11823bfd4e8e5ef2610d70d12c9eaed961bcd9124d8de8c10"
            ],
            "version": "==0.3.2"
        },
        "httptools": {
            "hashes": [
                "sha256:04c7703bbef0e8ca28b09811547352b8c7c20549eab70dc24e536bb24fd2b7c5"
            ],
            "version": "==0.0.11"
        },
        "prometheus-client": {
            "hashes": [
                "sha256:d96472e43bb49b10ec748b59014af122048ff7c5c2528994683e4783250865e4"
            ],
            "version": "==0.2.0"
        },
        "psutil": {
            "hashes": [
                "sha256:325c334596ad2d8a178d0e7b4eecc91748096a87489b3701ee16986173000aaa",
                "sha256:33384065f0014351fa70187548e3e95952c4df4bc5c38648bd0e647d21eaaf01",
                "sha256:51e12aa74509832443862373a2655052b20c83cad7322f49d217452500b9a405",
                "sha256:52a91ba928a5e86e0249b4932d6e36972a72d1ad8dcc5b7f753a2ae14825a4ba",
                "sha256:99029b6af386b22882f0b6d537ffed5a9c3d5ff31782974aeaa1d683262d8543",
                "sha256:b10703a109cc9225cd588c207f7f93480a420ade35c13515ea8f20063b42a392",
                "sha256:ddba952ed256151844d82fb13c8fb1019fe11ecaeacbd659d67ba5661ae73d0d",
                "sha256:ebe293be36bb24b95cdefc5131635496e88b17fabbcf1e4bc9b5c01f5e489cfe",
                "sha256:f24cd52bafa06917935fe1b68c5a45593abe1f3097dc35b2dfc4718236795890"
            ],
            "version": "==5.4.5"
        },
        "sanic": {
            "hashes": [
                "sha256:18a3bd729093ac93a245849c44045c505a11e6d36da5bf231cb986bfb1e3c14c",
                "sha256:22b1a6f1dc55db8a136335cb0961afa95040ca78aa8c78425a40d91e8618e60e"
            ],
            "index": "pypi",
            "version": "==0.7.0"
        },
        "sanic-prometheus": {
            "hashes": [
                "sha256:5e18b55801c1d2f07e8822397db72b498880691f57a5eabddefe3a307ad6f3ea",
                "sha256:f0d33f8e987f1c7ea0b82cbffb2d52e0b774cd3d90c5e5999612d0403dcf0a34"
            ],
            "index": "pypi",
            "version": "==0.1.5"
        },
        "ujson": {
            "hashes": [
                "sha256:f66073e5506e91d204ab0c614a148d5aa938bdbf104751be66f8ad7a222f5f86"
            ],
            "version": "==1.35"
        },
        "uvloop": {
            "hashes": [
                "sha256:01cf7199728867f406ba5af78cc47c80acd663ccc52cae105e737a997f1b2bca",
                "sha256:68574150720a380509a3409bf2941be0199cfdacff144a97502fb29c250ba927",
                "sha256:7ee14835a75c72227d3f8a3f370519a3106a6f02e5453f275f16437ebdb92953",
                "sha256:7fba5f390db607b2f026bc598df6b2a2a9e062bffe82910b5ffe2b88560135e5",
                "sha256:89c3bfaad77625490c42a6b99af1879234767ab0c31dd193486a909506e5e549",
                "sha256:b057ef2b0d0162c1ef257f43a95f59bfec37ee9a75cc5412d6b7f9ac6d1d69cb",
                "sha256:e7c871ba3edd5fcf2afb756de88a9a65245070161e24f75abe79c0a241bb8c76"
            ],
            "version": "==0.9.1"
        },
        "websockets": {
            "hashes": [
                "sha256:0b7b561bcbf992edd54e961b89551b5b6073415a0446fe445bd6554d41dabb95",
                "sha256:2469c98f2254878a49a6eda248d3ed8a89bbdca85cc316ff72ea15924cec9e1f",
                "sha256:29b676568e4fcb1a05064473b96243ef4e9391f251b4c485cf7f93507787b459",
                "sha256:2a05e42400de009c1c330167cd6d90b300d2364d2dd1e6539d01a6a22901967b",
                "sha256:39241fb291c1648e33dc41208be876a5771466291f0f6f7bff8f6732373084bd",
                "sha256:43c332fc331541c57d40c124089b270d668c25a6b04908bd688969375db7327f",
                "sha256:480259ec6e80f28859f23b5c231beb856fb96ab30e64ee621fdaf27da1515604",
                "sha256:9049ec652713f5132b512d3498c2d37264580714ccc95dbc0f7f9622c3f6da7e",
                "sha256:a17c45716178a42cc8f66f587507f01e169a75556749d88f714e4c1d295885d1",
                "sha256:a49d315db5a7a19d55422e1678e8a1c3b9661d7296bef3179fa620cf80b12674",
                "sha256:a911beb8149d7dae9d4c942927c448c05c41dfaa9c002a6bc26e269df932769b",
                "sha256:cf34479130704797ce28a478f0b5985abe71ea90999a1c956e15fe0b0b11d0dc",
                "sha256:d3724acff61ee1029fefc614cf005982338b033998a0b71fbb13a0a2fd99ab6f"
            ],
            "version": "==5.0.1"
        }
    },
    "develop": {}
}
